
Microsoft Visual Studio Solution File, Format Version 12.00
# Visual Studio Version 17
VisualStudioVersion = 17.5.33627.172
MinimumVisualStudioVersion = 10.0.40219.1
Project("{FAE04EC0-301F-11D3-BF4B-00C04F79EFBC}") = "MongoDb", "MongoDb.csproj", "{1D6978CF-BCF1-4CB3-878E-A4900AEBA848}"
EndProject
Global
	GlobalSection(SolutionConfigurationPlatforms) = preSolution
		Debug|Any CPU = Debug|Any CPU
		Release|Any CPU = Release|Any CPU
	EndGlobalSection
	GlobalSection(ProjectConfigurationPlatforms) = postSolution
		{1D6978CF-BCF1-4CB3-878E-A4900AEBA848}.Debug|Any CPU.ActiveCfg = Debug|Any CPU
		{1D6978CF-BCF1-4CB3-878E-A4900AEBA848}.Debug|Any CPU.Build.0 = Debug|Any CPU
		{1D6978CF-BCF1-4CB3-878E-A4900AEBA848}.Release|Any CPU.ActiveCfg = Release|Any CPU
		{1D6978CF-BCF1-4CB3-878E-A4900AEBA848}.Release|Any CPU.Build.0 = Release|Any CPU
	EndGlobalSection
	GlobalSection(SolutionProperties) = preSolution
		HideSolutionNode = FALSE
	EndGlobalSection
	GlobalSection(ExtensibilityGlobals) = postSolution
		SolutionGuid = {03C6D3F5-7F3D-4A36-956D-27F393089072}
	EndGlobalSection
EndGlobal
